
Microsoft Visual Studio Solution File, Format Version 12.00
# Visual Studio Version 16
VisualStudioVersion = 16.0.31205.134
MinimumVisualStudioVersion = 10.0.40219.1
Project("{FAE04EC0-301F-11D3-BF4B-00C04F79EFBC}") = "LW10", "LW10\LW10.csproj", "{955AB605-BA3D-4336-926D-02E918A8ACD9}"
EndProject
Global
	GlobalSection(SolutionConfigurationPlatforms) = preSolution
		Debug|Any CPU = Debug|Any CPU
		Release|Any CPU = Release|Any CPU
	EndGlobalSection
	GlobalSection(ProjectConfigurationPlatforms) = postSolution
		{955AB605-BA3D-4336-926D-02E918A8ACD9}.Debug|Any CPU.ActiveCfg = Debug|Any CPU
		{955AB605-BA3D-4336-926D-02E918A8ACD9}.Debug|Any CPU.Build.0 = Debug|Any CPU
		{955AB605-BA3D-4336-926D-02E918A8ACD9}.Release|Any CPU.ActiveCfg = Release|Any CPU
		{955AB605-BA3D-4336-926D-02E918A8ACD9}.Release|Any CPU.Build.0 = Release|Any CPU
	EndGlobalSection
	GlobalSection(SolutionProperties) = preSolution
		HideSolutionNode = FALSE
	EndGlobalSection
	GlobalSection(ExtensibilityGlobals) = postSolution
		SolutionGuid = {47BEA5BB-1BCD-455E-B95B-820C450D435E}
	EndGlobalSection
EndGlobal
